# This file is autogenerated, do not edit; changes may be undone by the next 'dep ensure'.


[[projects]]
  digest = "1:4597fa93b0165f3ed32adc916709b1ad4c15ba771f70e282c11f0c4bdb9c36bf"
  name = "github.com/gogo/protobuf"
  packages = [
    "proto",
    "protoc-gen-gogo/descriptor",
  ]
  pruneopts = "UT"
  revision = "ba06b47c162d49f2af050fb4c75bcbc86a159d5c"
  version = "v1.2.1"

[[projects]]
  digest = "1:a84ca8211571c08591b52703d3b05e15f2c2399233320444617bbcbc89a0f7d0"
  name = "github.com/golang/protobuf"
  packages = [
    "jsonpb",
    "proto",
    "ptypes/struct",
  ]
  pruneopts = "UT"
  revision = "6c65a5562fc06764971b7c5d05c76c75e84bdbf7"
  version = "v1.3.2"

[[projects]]
  branch = "master"
  digest = "1:a04c56dfeeef14a67ad6a2cd2e4df9f61cfaf14d560643cc20b02556196236ad"
  name = "github.com/mwitkow/go-proto-validators"
  packages = ["."]
  pruneopts = "UT"
  revision = "c00cd28f239a5cbf644a892708c9c46512d5a996"

[[projects]]
  digest = "1:e08f2d2b7f85d730396863cd81217a6301eb43c05f9abcde904df5e488232204"
  name = "github.com/twitchtv/twirp"
  packages = [
    ".",
    "ctxsetters",
    "internal/contextkeys",
  ]
  pruneopts = "UT"
  revision = "701935a9a4c5f89a28cab40d7741d9a0fbdb74a3"
  version = "v5.7.0"

[solve-meta]
  analyzer-name = "dep"
  analyzer-version = 1
  input-imports = [
    "github.com/golang/protobuf/jsonpb",
    "github.com/golang/protobuf/proto",
    "github.com/mwitkow/go-proto-validators",
    "github.com/twitchtv/twirp",
    "github.com/twitchtv/twirp/ctxsetters",
  ]
  solver-name = "gps-cdcl"
  solver-version = 1
